
Microsoft Visual Studio Solution File, Format Version 12.00
# Visual Studio 15
VisualStudioVersion = 15.0.28307.329
MinimumVisualStudioVersion = 10.0.40219.1
Project("{FAE04EC0-301F-11D3-BF4B-00C04F79EFBC}") = "RES", "RES\RES.csproj", "{C74DC4EA-4A0B-44F1-8CD0-0974099A8ED8}"
EndProject
Global
	GlobalSection(SolutionConfigurationPlatforms) = preSolution
		Debug|Any CPU = Debug|Any CPU
		Release|Any CPU = Release|Any CPU
	EndGlobalSection
	GlobalSection(ProjectConfigurationPlatforms) = postSolution
		{C74DC4EA-4A0B-44F1-8CD0-0974099A8ED8}.Debug|Any CPU.ActiveCfg = Debug|Any CPU
		{C74DC4EA-4A0B-44F1-8CD0-0974099A8ED8}.Debug|Any CPU.Build.0 = Debug|Any CPU
		{C74DC4EA-4A0B-44F1-8CD0-0974099A8ED8}.Release|Any CPU.ActiveCfg = Release|Any CPU
		{C74DC4EA-4A0B-44F1-8CD0-0974099A8ED8}.Release|Any CPU.Build.0 = Release|Any CPU
	EndGlobalSection
	GlobalSection(SolutionProperties) = preSolution
		HideSolutionNode = FALSE
	EndGlobalSection
	GlobalSection(ExtensibilityGlobals) = postSolution
		SolutionGuid = {6B01E07A-6C8A-4D2D-B451-22E40F4A1A7E}
	EndGlobalSection
EndGlobal
